
Microsoft Visual Studio Solution File, Format Version 12.00
# Visual Studio 15
VisualStudioVersion = 15.0.28307.572
MinimumVisualStudioVersion = 10.0.40219.1
Project("{8BC9CEB8-8B4A-11D0-8D11-00A0C91BC942}") = "AdaptiveCloth", "AdaptiveCloth\AdaptiveCloth.vcxproj", "{66DC224B-8EB7-40F0-B026-E2A0B2CF554B}"
EndProject
Global
	GlobalSection(SolutionConfigurationPlatforms) = preSolution
		Debug|x64 = Debug|x64
		Release|x64 = Release|x64
	EndGlobalSection
	GlobalSection(ProjectConfigurationPlatforms) = postSolution
		{66DC224B-8EB7-40F0-B026-E2A0B2CF554B}.Debug|x64.ActiveCfg = Debug|x64
		{66DC224B-8EB7-40F0-B026-E2A0B2CF554B}.Debug|x64.Build.0 = Debug|x64
		{66DC224B-8EB7-40F0-B026-E2A0B2CF554B}.Release|x64.ActiveCfg = Release|x64
		{66DC224B-8EB7-40F0-B026-E2A0B2CF554B}.Release|x64.Build.0 = Release|x64
	EndGlobalSection
	GlobalSection(SolutionProperties) = preSolution
		HideSolutionNode = FALSE
	EndGlobalSection
	GlobalSection(ExtensibilityGlobals) = postSolution
		SolutionGuid = {D378786E-332C-4407-ABD6-DB4C024F6F14}
	EndGlobalSection
EndGlobal
